
Microsoft Visual Studio Solution File, Format Version 12.00
# Visual Studio Version 17
VisualStudioVersion = 17.8.34322.80
MinimumVisualStudioVersion = 10.0.40219.1
Project("{9A19103F-16F7-4668-BE54-9A1E7A4F7556}") = "TataCliq", "TataCliq\TataCliq.csproj", "{0E4EA872-F995-4177-9838-95D7B52CF9B3}"
EndProject
Project("{9A19103F-16F7-4668-BE54-9A1E7A4F7556}") = "ApplicationLayer", "ApplicationLayer\ApplicationLayer.csproj", "{12D177A7-C694-43B5-BA5D-BB8FEAF015DF}"
EndProject
Project("{9A19103F-16F7-4668-BE54-9A1E7A4F7556}") = "DataAccessLayer", "DataAccessLayer\DataAccessLayer.csproj", "{FD0F7D8E-372B-474D-8F6C-39E662FDC487}"
EndProject
Project("{FAE04EC0-301F-11D3-BF4B-00C04F79EFBC}") = "CoreModelss", "CoreModelss\CoreModelss.csproj", "{F22F0D6D-4056-4BE1-ACC9-E1753D01BF1C}"
EndProject
Global
	GlobalSection(SolutionConfigurationPlatforms) = preSolution
		Debug|Any CPU = Debug|Any CPU
		Release|Any CPU = Release|Any CPU
	EndGlobalSection
	GlobalSection(ProjectConfigurationPlatforms) = postSolution
		{0E4EA872-F995-4177-9838-95D7B52CF9B3}.Debug|Any CPU.ActiveCfg = Debug|Any CPU
		{0E4EA872-F995-4177-9838-95D7B52CF9B3}.Debug|Any CPU.Build.0 = Debug|Any CPU
		{0E4EA872-F995-4177-9838-95D7B52CF9B3}.Release|Any CPU.ActiveCfg = Release|Any CPU
		{0E4EA872-F995-4177-9838-95D7B52CF9B3}.Release|Any CPU.Build.0 = Release|Any CPU
		{12D177A7-C694-43B5-BA5D-BB8FEAF015DF}.Debug|Any CPU.ActiveCfg = Debug|Any CPU
		{12D177A7-C694-43B5-BA5D-BB8FEAF015DF}.Debug|Any CPU.Build.0 = Debug|Any CPU
		{12D177A7-C694-43B5-BA5D-BB8FEAF015DF}.Release|Any CPU.ActiveCfg = Release|Any CPU
		{12D177A7-C694-43B5-BA5D-BB8FEAF015DF}.Release|Any CPU.Build.0 = Release|Any CPU
		{FD0F7D8E-372B-474D-8F6C-39E662FDC487}.Debug|Any CPU.ActiveCfg = Debug|Any CPU
		{FD0F7D8E-372B-474D-8F6C-39E662FDC487}.Debug|Any CPU.Build.0 = Debug|Any CPU
		{FD0F7D8E-372B-474D-8F6C-39E662FDC487}.Release|Any CPU.ActiveCfg = Release|Any CPU
		{FD0F7D8E-372B-474D-8F6C-39E662FDC487}.Release|Any CPU.Build.0 = Release|Any CPU
		{F22F0D6D-4056-4BE1-ACC9-E1753D01BF1C}.Debug|Any CPU.ActiveCfg = Debug|Any CPU
		{F22F0D6D-4056-4BE1-ACC9-E1753D01BF1C}.Debug|Any CPU.Build.0 = Debug|Any CPU
		{F22F0D6D-4056-4BE1-ACC9-E1753D01BF1C}.Release|Any CPU.ActiveCfg = Release|Any CPU
		{F22F0D6D-4056-4BE1-ACC9-E1753D01BF1C}.Release|Any CPU.Build.0 = Release|Any CPU
	EndGlobalSection
	GlobalSection(SolutionProperties) = preSolution
		HideSolutionNode = FALSE
	EndGlobalSection
	GlobalSection(ExtensibilityGlobals) = postSolution
		SolutionGuid = {3DF9023A-A687-4BAA-8D8C-5BF0B2076497}
	EndGlobalSection
EndGlobal
